
Microsoft Visual Studio Solution File, Format Version 12.00
# Visual Studio Version 18
VisualStudioVersion = 18.5.11723.231
MinimumVisualStudioVersion = 10.0.40219.1
Project("{FAE04EC0-301F-11D3-BF4B-00C04F79EFBC}") = "InfraDesk.API", "InfraDesk.API\InfraDesk.API.csproj", "{431841AB-DCF7-4AC1-ACA3-49B8B1A971AF}"
EndProject
Project("{FAE04EC0-301F-11D3-BF4B-00C04F79EFBC}") = "InfraDesk.Application", "InfraDesk.Application\InfraDesk.Application.csproj", "{ED9159FD-CBD5-4665-8FDD-3D5FCB3C3B2C}"
EndProject
Project("{FAE04EC0-301F-11D3-BF4B-00C04F79EFBC}") = "InfraDesk.Core", "InfraDesk.Core\InfraDesk.Core.csproj", "{8624FF60-C95C-4ADE-84C3-7A0265A47DBF}"
EndProject
Project("{FAE04EC0-301F-11D3-BF4B-00C04F79EFBC}") = "InfraDesk.Infrastructure", "InfraDesk.Infrastructure\InfraDesk.Infrastructure.csproj", "{A962B1AC-63F9-42E3-A033-FCB3EB76CD88}"
EndProject
Project("{FAE04EC0-301F-11D3-BF4B-00C04F79EFBC}") = "InfraDesk.Worker", "InfraDesk.Worker\InfraDesk.Worker.csproj", "{9C1F7475-C60A-4903-880A-2EAFDD3AFEC6}"
EndProject
Project("{FAE04EC0-301F-11D3-BF4B-00C04F79EFBC}") = "InfraDesk.UI.Web", "InfraDesk.UI.Web\InfraDesk.UI.Web.csproj", "{608829C8-04DA-4408-B3BD-579BA3E2C3AD}"
EndProject
Global
	GlobalSection(SolutionConfigurationPlatforms) = preSolution
		Debug|Any CPU = Debug|Any CPU
		Debug|x64 = Debug|x64
		Debug|x86 = Debug|x86
		Release|Any CPU = Release|Any CPU
		Release|x64 = Release|x64
		Release|x86 = Release|x86
	EndGlobalSection
	GlobalSection(ProjectConfigurationPlatforms) = postSolution
		{431841AB-DCF7-4AC1-ACA3-49B8B1A971AF}.Debug|Any CPU.ActiveCfg = Debug|Any CPU
		{431841AB-DCF7-4AC1-ACA3-49B8B1A971AF}.Debug|Any CPU.Build.0 = Debug|Any CPU
		{431841AB-DCF7-4AC1-ACA3-49B8B1A971AF}.Debug|x64.ActiveCfg = Debug|Any CPU
		{431841AB-DCF7-4AC1-ACA3-49B8B1A971AF}.Debug|x64.Build.0 = Debug|Any CPU
		{431841AB-DCF7-4AC1-ACA3-49B8B1A971AF}.Debug|x86.ActiveCfg = Debug|Any CPU
		{431841AB-DCF7-4AC1-ACA3-49B8B1A971AF}.Debug|x86.Build.0 = Debug|Any CPU
		{431841AB-DCF7-4AC1-ACA3-49B8B1A971AF}.Release|Any CPU.ActiveCfg = Release|Any CPU
		{431841AB-DCF7-4AC1-ACA3-49B8B1A971AF}.Release|Any CPU.Build.0 = Release|Any CPU
		{431841AB-DCF7-4AC1-ACA3-49B8B1A971AF}.Release|x64.ActiveCfg = Release|Any CPU
		{431841AB-DCF7-4AC1-ACA3-49B8B1A971AF}.Release|x64.Build.0 = Release|Any CPU
		{431841AB-DCF7-4AC1-ACA3-49B8B1A971AF}.Release|x86.ActiveCfg = Release|Any CPU
		{431841AB-DCF7-4AC1-ACA3-49B8B1A971AF}.Release|x86.Build.0 = Release|Any CPU
		{ED9159FD-CBD5-4665-8FDD-3D5FCB3C3B2C}.Debug|Any CPU.ActiveCfg = Debug|Any CPU
		{ED9159FD-CBD5-4665-8FDD-3D5FCB3C3B2C}.Debug|Any CPU.Build.0 = Debug|Any CPU
		{ED9159FD-CBD5-4665-8FDD-3D5FCB3C3B2C}.Debug|x64.ActiveCfg = Debug|Any CPU
		{ED9159FD-CBD5-4665-8FDD-3D5FCB3C3B2C}.Debug|x64.Build.0 = Debug|Any CPU
		{ED9159FD-CBD5-4665-8FDD-3D5FCB3C3B2C}.Debug|x86.ActiveCfg = Debug|Any CPU
		{ED9159FD-CBD5-4665-8FDD-3D5FCB3C3B2C}.Debug|x86.Build.0 = Debug|Any CPU
		{ED9159FD-CBD5-4665-8FDD-3D5FCB3C3B2C}.Release|Any CPU.ActiveCfg = Release|Any CPU
		{ED9159FD-CBD5-4665-8FDD-3D5FCB3C3B2C}.Release|Any CPU.Build.0 = Release|Any CPU
		{ED9159FD-CBD5-4665-8FDD-3D5FCB3C3B2C}.Release|x64.ActiveCfg = Release|Any CPU
		{ED9159FD-CBD5-4665-8FDD-3D5FCB3C3B2C}.Release|x64.Build.0 = Release|Any CPU
		{ED9159FD-CBD5-4665-8FDD-3D5FCB3C3B2C}.Release|x86.ActiveCfg = Release|Any CPU
		{ED9159FD-CBD5-4665-8FDD-3D5FCB3C3B2C}.Release|x86.Build.0 = Release|Any CPU
		{8624FF60-C95C-4ADE-84C3-7A0265A47DBF}.Debug|Any CPU.ActiveCfg = Debug|Any CPU
		{8624FF60-C95C-4ADE-84C3-7A0265A47DBF}.Debug|Any CPU.Build.0 = Debug|Any CPU
		{8624FF60-C95C-4ADE-84C3-7A0265A47DBF}.Debug|x64.ActiveCfg = Debug|Any CPU
		{8624FF60-C95C-4ADE-84C3-7A0265A47DBF}.Debug|x64.Build.0 = Debug|Any CPU
		{8624FF60-C95C-4ADE-84C3-7A0265A47DBF}.Debug|x86.ActiveCfg = Debug|Any CPU
		{8624FF60-C95C-4ADE-84C3-7A0265A47DBF}.Debug|x86.Build.0 = Debug|Any CPU
		{8624FF60-C95C-4ADE-84C3-7A0265A47DBF}.Release|Any CPU.ActiveCfg = Release|Any CPU
		{8624FF60-C95C-4ADE-84C3-7A0265A47DBF}.Release|Any CPU.Build.0 = Release|Any CPU
		{8624FF60-C95C-4ADE-84C3-7A0265A47DBF}.Release|x64.ActiveCfg = Release|Any CPU
		{8624FF60-C95C-4ADE-84C3-7A0265A47DBF}.Release|x64.Build.0 = Release|Any CPU
		{8624FF60-C95C-4ADE-84C3-7A0265A47DBF}.Release|x86.ActiveCfg = Release|Any CPU
		{8624FF60-C95C-4ADE-84C3-7A0265A47DBF}.Release|x86.Build.0 = Release|Any CPU
		{A962B1AC-63F9-42E3-A033-FCB3EB76CD88}.Debug|Any CPU.ActiveCfg = Debug|Any CPU
		{A962B1AC-63F9-42E3-A033-FCB3EB76CD88}.Debug|Any CPU.Build.0 = Debug|Any CPU
		{A962B1AC-63F9-42E3-A033-FCB3EB76CD88}.Debug|x64.ActiveCfg = Debug|Any CPU
		{A962B1AC-63F9-42E3-A033-FCB3EB76CD88}.Debug|x64.Build.0 = Debug|Any CPU
		{A962B1AC-63F9-42E3-A033-FCB3EB76CD88}.Debug|x86.ActiveCfg = Debug|Any CPU
		{A962B1AC-63F9-42E3-A033-FCB3EB76CD88}.Debug|x86.Build.0 = Debug|Any CPU
		{A962B1AC-63F9-42E3-A033-FCB3EB76CD88}.Release|Any CPU.ActiveCfg = Release|Any CPU
		{A962B1AC-63F9-42E3-A033-FCB3EB76CD88}.Release|Any CPU.Build.0 = Release|Any CPU
		{A962B1AC-63F9-42E3-A033-FCB3EB76CD88}.Release|x64.ActiveCfg = Release|Any CPU
		{A962B1AC-63F9-42E3-A033-FCB3EB76CD88}.Release|x64.Build.0 = Release|Any CPU
		{A962B1AC-63F9-42E3-A033-FCB3EB76CD88}.Release|x86.ActiveCfg = Release|Any CPU
		{A962B1AC-63F9-42E3-A033-FCB3EB76CD88}.Release|x86.Build.0 = Release|Any CPU
		{9C1F7475-C60A-4903-880A-2EAFDD3AFEC6}.Debug|Any CPU.ActiveCfg = Debug|Any CPU
		{9C1F7475-C60A-4903-880A-2EAFDD3AFEC6}.Debug|Any CPU.Build.0 = Debug|Any CPU
		{9C1F7475-C60A-4903-880A-2EAFDD3AFEC6}.Debug|x64.ActiveCfg = Debug|Any CPU
		{9C1F7475-C60A-4903-880A-2EAFDD3AFEC6}.Debug|x64.Build.0 = Debug|Any CPU
		{9C1F7475-C60A-4903-880A-2EAFDD3AFEC6}.Debug|x86.ActiveCfg = Debug|Any CPU
		{9C1F7475-C60A-4903-880A-2EAFDD3AFEC6}.Debug|x86.Build.0 = Debug|Any CPU
		{9C1F7475-C60A-4903-880A-2EAFDD3AFEC6}.Release|Any CPU.ActiveCfg = Release|Any CPU
		{9C1F7475-C60A-4903-880A-2EAFDD3AFEC6}.Release|Any CPU.Build.0 = Release|Any CPU
		{9C1F7475-C60A-4903-880A-2EAFDD3AFEC6}.Release|x64.ActiveCfg = Release|Any CPU
		{9C1F7475-C60A-4903-880A-2EAFDD3AFEC6}.Release|x64.Build.0 = Release|Any CPU
		{9C1F7475-C60A-4903-880A-2EAFDD3AFEC6}.Release|x86.ActiveCfg = Release|Any CPU
		{9C1F7475-C60A-4903-880A-2EAFDD3AFEC6}.Release|x86.Build.0 = Release|Any CPU
		{608829C8-04DA-4408-B3BD-579BA3E2C3AD}.Debug|Any CPU.ActiveCfg = Debug|Any CPU
		{608829C8-04DA-4408-B3BD-579BA3E2C3AD}.Debug|Any CPU.Build.0 = Debug|Any CPU
		{608829C8-04DA-4408-B3BD-579BA3E2C3AD}.Debug|x64.ActiveCfg = Debug|Any CPU
		{608829C8-04DA-4408-B3BD-579BA3E2C3AD}.Debug|x64.Build.0 = Debug|Any CPU
		{608829C8-04DA-4408-B3BD-579BA3E2C3AD}.Debug|x86.ActiveCfg = Debug|Any CPU
		{608829C8-04DA-4408-B3BD-579BA3E2C3AD}.Debug|x86.Build.0 = Debug|Any CPU
		{608829C8-04DA-4408-B3BD-579BA3E2C3AD}.Release|Any CPU.ActiveCfg = Release|Any CPU
		{608829C8-04DA-4408-B3BD-579BA3E2C3AD}.Release|Any CPU.Build.0 = Release|Any CPU
		{608829C8-04DA-4408-B3BD-579BA3E2C3AD}.Release|x64.ActiveCfg = Release|Any CPU
		{608829C8-04DA-4408-B3BD-579BA3E2C3AD}.Release|x64.Build.0 = Release|Any CPU
		{608829C8-04DA-4408-B3BD-579BA3E2C3AD}.Release|x86.ActiveCfg = Release|Any CPU
		{608829C8-04DA-4408-B3BD-579BA3E2C3AD}.Release|x86.Build.0 = Release|Any CPU
	EndGlobalSection
	GlobalSection(SolutionProperties) = preSolution
		HideSolutionNode = FALSE
	EndGlobalSection
EndGlobal
